
Microsoft Visual Studio Solution File, Format Version 12.00
# Visual Studio Version 17
VisualStudioVersion = 17.13.35825.156 d17.13
MinimumVisualStudioVersion = 10.0.40219.1
Project("{FAE04EC0-301F-11D3-BF4B-00C04F79EFBC}") = "View_State", "View_State\View_State.csproj", "{31A7C658-82AC-41C1-AE88-D7F78493C263}"
EndProject
Global
	GlobalSection(SolutionConfigurationPlatforms) = preSolution
		Debug|Any CPU = Debug|Any CPU
		Release|Any CPU = Release|Any CPU
	EndGlobalSection
	GlobalSection(ProjectConfigurationPlatforms) = postSolution
		{31A7C658-82AC-41C1-AE88-D7F78493C263}.Debug|Any CPU.ActiveCfg = Debug|Any CPU
		{31A7C658-82AC-41C1-AE88-D7F78493C263}.Debug|Any CPU.Build.0 = Debug|Any CPU
		{31A7C658-82AC-41C1-AE88-D7F78493C263}.Release|Any CPU.ActiveCfg = Release|Any CPU
		{31A7C658-82AC-41C1-AE88-D7F78493C263}.Release|Any CPU.Build.0 = Release|Any CPU
	EndGlobalSection
	GlobalSection(SolutionProperties) = preSolution
		HideSolutionNode = FALSE
	EndGlobalSection
	GlobalSection(ExtensibilityGlobals) = postSolution
		SolutionGuid = {DFAEFCBB-01BC-4B70-A3E5-B2D70A4B1749}
	EndGlobalSection
EndGlobal
