
Microsoft Visual Studio Solution File, Format Version 12.00
# Visual Studio Version 17
VisualStudioVersion = 17.13.35825.156 d17.13
MinimumVisualStudioVersion = 10.0.40219.1
Project("{FAE04EC0-301F-11D3-BF4B-00C04F79EFBC}") = "WebApplication1", "WebApplication1\WebApplication1.csproj", "{06F40A58-46C1-4577-B09B-2B858FFFA9F0}"
EndProject
Global
	GlobalSection(SolutionConfigurationPlatforms) = preSolution
		Debug|Any CPU = Debug|Any CPU
		Release|Any CPU = Release|Any CPU
	EndGlobalSection
	GlobalSection(ProjectConfigurationPlatforms) = postSolution
		{06F40A58-46C1-4577-B09B-2B858FFFA9F0}.Debug|Any CPU.ActiveCfg = Debug|Any CPU
		{06F40A58-46C1-4577-B09B-2B858FFFA9F0}.Debug|Any CPU.Build.0 = Debug|Any CPU
		{06F40A58-46C1-4577-B09B-2B858FFFA9F0}.Release|Any CPU.ActiveCfg = Release|Any CPU
		{06F40A58-46C1-4577-B09B-2B858FFFA9F0}.Release|Any CPU.Build.0 = Release|Any CPU
	EndGlobalSection
	GlobalSection(SolutionProperties) = preSolution
		HideSolutionNode = FALSE
	EndGlobalSection
	GlobalSection(ExtensibilityGlobals) = postSolution
		SolutionGuid = {0F1F5675-907A-4341-84A2-BA43096DD425}
	EndGlobalSection
EndGlobal
