
Microsoft Visual Studio Solution File, Format Version 12.00
# Visual Studio Version 17
VisualStudioVersion = 17.13.35828.75 d17.13
MinimumVisualStudioVersion = 10.0.40219.1
Project("{FAE04EC0-301F-11D3-BF4B-00C04F79EFBC}") = "ClassLibrary1", "ClassLibrary1\ClassLibrary1.csproj", "{76EADC74-94BD-42FF-92A4-255C52A6D68C}"
EndProject
Global
	GlobalSection(SolutionConfigurationPlatforms) = preSolution
		Debug|Any CPU = Debug|Any CPU
		Release|Any CPU = Release|Any CPU
	EndGlobalSection
	GlobalSection(ProjectConfigurationPlatforms) = postSolution
		{76EADC74-94BD-42FF-92A4-255C52A6D68C}.Debug|Any CPU.ActiveCfg = Debug|Any CPU
		{76EADC74-94BD-42FF-92A4-255C52A6D68C}.Debug|Any CPU.Build.0 = Debug|Any CPU
		{76EADC74-94BD-42FF-92A4-255C52A6D68C}.Release|Any CPU.ActiveCfg = Release|Any CPU
		{76EADC74-94BD-42FF-92A4-255C52A6D68C}.Release|Any CPU.Build.0 = Release|Any CPU
	EndGlobalSection
	GlobalSection(SolutionProperties) = preSolution
		HideSolutionNode = FALSE
	EndGlobalSection
	GlobalSection(ExtensibilityGlobals) = postSolution
		SolutionGuid = {E30CC07D-3478-43AD-9600-EB6D59412453}
	EndGlobalSection
EndGlobal
