
Microsoft Visual Studio Solution File, Format Version 12.00
# Visual Studio Version 17
VisualStudioVersion = 17.13.35828.75 d17.13
MinimumVisualStudioVersion = 10.0.40219.1
Project("{FAE04EC0-301F-11D3-BF4B-00C04F79EFBC}") = "FormWithSQL", "FormWithSQL\FormWithSQL.csproj", "{829CBE6F-8063-4AB9-A084-8C40D1CE160E}"
EndProject
Global
	GlobalSection(SolutionConfigurationPlatforms) = preSolution
		Debug|Any CPU = Debug|Any CPU
		Release|Any CPU = Release|Any CPU
	EndGlobalSection
	GlobalSection(ProjectConfigurationPlatforms) = postSolution
		{829CBE6F-8063-4AB9-A084-8C40D1CE160E}.Debug|Any CPU.ActiveCfg = Debug|Any CPU
		{829CBE6F-8063-4AB9-A084-8C40D1CE160E}.Debug|Any CPU.Build.0 = Debug|Any CPU
		{829CBE6F-8063-4AB9-A084-8C40D1CE160E}.Release|Any CPU.ActiveCfg = Release|Any CPU
		{829CBE6F-8063-4AB9-A084-8C40D1CE160E}.Release|Any CPU.Build.0 = Release|Any CPU
	EndGlobalSection
	GlobalSection(SolutionProperties) = preSolution
		HideSolutionNode = FALSE
	EndGlobalSection
	GlobalSection(ExtensibilityGlobals) = postSolution
		SolutionGuid = {563798F7-63A2-430E-AEA6-B0C1217B7DB2}
	EndGlobalSection
EndGlobal
