
Microsoft Visual Studio Solution File, Format Version 12.00
# Visual Studio Version 17
VisualStudioVersion = 17.13.35825.156 d17.13
MinimumVisualStudioVersion = 10.0.40219.1
Project("{FAE04EC0-301F-11D3-BF4B-00C04F79EFBC}") = "WebFormJavaTPoint", "WebFormJavaTPoint\WebFormJavaTPoint.csproj", "{5AF79C9A-1911-4E0E-BB5F-80B978E428A5}"
EndProject
Global
	GlobalSection(SolutionConfigurationPlatforms) = preSolution
		Debug|Any CPU = Debug|Any CPU
		Release|Any CPU = Release|Any CPU
	EndGlobalSection
	GlobalSection(ProjectConfigurationPlatforms) = postSolution
		{5AF79C9A-1911-4E0E-BB5F-80B978E428A5}.Debug|Any CPU.ActiveCfg = Debug|Any CPU
		{5AF79C9A-1911-4E0E-BB5F-80B978E428A5}.Debug|Any CPU.Build.0 = Debug|Any CPU
		{5AF79C9A-1911-4E0E-BB5F-80B978E428A5}.Release|Any CPU.ActiveCfg = Release|Any CPU
		{5AF79C9A-1911-4E0E-BB5F-80B978E428A5}.Release|Any CPU.Build.0 = Release|Any CPU
	EndGlobalSection
	GlobalSection(SolutionProperties) = preSolution
		HideSolutionNode = FALSE
	EndGlobalSection
	GlobalSection(ExtensibilityGlobals) = postSolution
		SolutionGuid = {78473F37-4BB6-4254-BA81-A619A33F3F32}
	EndGlobalSection
EndGlobal
