
Microsoft Visual Studio Solution File, Format Version 12.00
# Visual Studio Version 17
VisualStudioVersion = 17.13.35825.156 d17.13
MinimumVisualStudioVersion = 10.0.40219.1
Project("{FAE04EC0-301F-11D3-BF4B-00C04F79EFBC}") = "Session_State", "Session_State\Session_State.csproj", "{197503D0-04B0-4A93-93B0-D20AF2A5208E}"
EndProject
Global
	GlobalSection(SolutionConfigurationPlatforms) = preSolution
		Debug|Any CPU = Debug|Any CPU
		Release|Any CPU = Release|Any CPU
	EndGlobalSection
	GlobalSection(ProjectConfigurationPlatforms) = postSolution
		{197503D0-04B0-4A93-93B0-D20AF2A5208E}.Debug|Any CPU.ActiveCfg = Debug|Any CPU
		{197503D0-04B0-4A93-93B0-D20AF2A5208E}.Debug|Any CPU.Build.0 = Debug|Any CPU
		{197503D0-04B0-4A93-93B0-D20AF2A5208E}.Release|Any CPU.ActiveCfg = Release|Any CPU
		{197503D0-04B0-4A93-93B0-D20AF2A5208E}.Release|Any CPU.Build.0 = Release|Any CPU
	EndGlobalSection
	GlobalSection(SolutionProperties) = preSolution
		HideSolutionNode = FALSE
	EndGlobalSection
	GlobalSection(ExtensibilityGlobals) = postSolution
		SolutionGuid = {991DFDDA-C39F-459C-84F3-2788B1436DB3}
	EndGlobalSection
EndGlobal
