
Microsoft Visual Studio Solution File, Format Version 12.00
# Visual Studio Version 17
VisualStudioVersion = 17.13.35825.156 d17.13
MinimumVisualStudioVersion = 10.0.40219.1
Project("{FAE04EC0-301F-11D3-BF4B-00C04F79EFBC}") = "Master_Page_Demo", "Master_Page_Demo\Master_Page_Demo.csproj", "{16C354E1-79E7-4CAA-9725-8CC464AA630D}"
EndProject
Global
	GlobalSection(SolutionConfigurationPlatforms) = preSolution
		Debug|Any CPU = Debug|Any CPU
		Release|Any CPU = Release|Any CPU
	EndGlobalSection
	GlobalSection(ProjectConfigurationPlatforms) = postSolution
		{16C354E1-79E7-4CAA-9725-8CC464AA630D}.Debug|Any CPU.ActiveCfg = Debug|Any CPU
		{16C354E1-79E7-4CAA-9725-8CC464AA630D}.Debug|Any CPU.Build.0 = Debug|Any CPU
		{16C354E1-79E7-4CAA-9725-8CC464AA630D}.Release|Any CPU.ActiveCfg = Release|Any CPU
		{16C354E1-79E7-4CAA-9725-8CC464AA630D}.Release|Any CPU.Build.0 = Release|Any CPU
	EndGlobalSection
	GlobalSection(SolutionProperties) = preSolution
		HideSolutionNode = FALSE
	EndGlobalSection
	GlobalSection(ExtensibilityGlobals) = postSolution
		SolutionGuid = {5B34EF9A-4042-46AD-847E-7A82F0AF4BEA}
	EndGlobalSection
EndGlobal
