
Microsoft Visual Studio Solution File, Format Version 12.00
# Visual Studio Version 17
VisualStudioVersion = 17.13.35825.156 d17.13
MinimumVisualStudioVersion = 10.0.40219.1
Project("{FAE04EC0-301F-11D3-BF4B-00C04F79EFBC}") = "1FirstProgram", "1FirstProgram\1FirstProgram.csproj", "{5C0303CC-7E9B-4142-866C-037864D43355}"
EndProject
Global
	GlobalSection(SolutionConfigurationPlatforms) = preSolution
		Debug|Any CPU = Debug|Any CPU
		Release|Any CPU = Release|Any CPU
	EndGlobalSection
	GlobalSection(ProjectConfigurationPlatforms) = postSolution
		{5C0303CC-7E9B-4142-866C-037864D43355}.Debug|Any CPU.ActiveCfg = Debug|Any CPU
		{5C0303CC-7E9B-4142-866C-037864D43355}.Debug|Any CPU.Build.0 = Debug|Any CPU
		{5C0303CC-7E9B-4142-866C-037864D43355}.Release|Any CPU.ActiveCfg = Release|Any CPU
		{5C0303CC-7E9B-4142-866C-037864D43355}.Release|Any CPU.Build.0 = Release|Any CPU
	EndGlobalSection
	GlobalSection(SolutionProperties) = preSolution
		HideSolutionNode = FALSE
	EndGlobalSection
	GlobalSection(ExtensibilityGlobals) = postSolution
		SolutionGuid = {A31370B7-DE5D-4644-9798-4C385F7E5654}
	EndGlobalSection
EndGlobal
